
Microsoft Visual Studio Solution File, Format Version 12.00
# Visual Studio 15
Project("{FAE04EC0-301F-11D3-BF4B-00C04F79EFBC}") = "Assembly-CSharp", "Assembly-CSharp.csproj", "{BF3077B2-626F-8434-0705-3BEB4D021D48}"
EndProject
Project("{FAE04EC0-301F-11D3-BF4B-00C04F79EFBC}") = "Assembly-CSharp-Editor", "Assembly-CSharp-Editor.csproj", "{8253C1AB-08D2-89FB-A974-5471D007D150}"
EndProject
Global
	GlobalSection(SolutionConfigurationPlatforms) = preSolution
		Debug|Any CPU = Debug|Any CPU
		Release|Any CPU = Release|Any CPU
	EndGlobalSection
	GlobalSection(ProjectConfigurationPlatforms) = postSolution
		{BF3077B2-626F-8434-0705-3BEB4D021D48}.Debug|Any CPU.ActiveCfg = Debug|Any CPU
		{BF3077B2-626F-8434-0705-3BEB4D021D48}.Debug|Any CPU.Build.0 = Debug|Any CPU
		{BF3077B2-626F-8434-0705-3BEB4D021D48}.Release|Any CPU.ActiveCfg = Release|Any CPU
		{BF3077B2-626F-8434-0705-3BEB4D021D48}.Release|Any CPU.Build.0 = Release|Any CPU
		{8253C1AB-08D2-89FB-A974-5471D007D150}.Debug|Any CPU.ActiveCfg = Debug|Any CPU
		{8253C1AB-08D2-89FB-A974-5471D007D150}.Debug|Any CPU.Build.0 = Debug|Any CPU
		{8253C1AB-08D2-89FB-A974-5471D007D150}.Release|Any CPU.ActiveCfg = Release|Any CPU
		{8253C1AB-08D2-89FB-A974-5471D007D150}.Release|Any CPU.Build.0 = Release|Any CPU
	EndGlobalSection
	GlobalSection(SolutionProperties) = preSolution
		HideSolutionNode = FALSE
	EndGlobalSection
EndGlobal
