
Microsoft Visual Studio Solution File, Format Version 12.00
# Visual Studio 15
Project("{FAE04EC0-301F-11D3-BF4B-00C04F79EFBC}") = "Assembly-CSharp", "Assembly-CSharp.csproj", "{860938E5-8542-2D06-4F39-95FBE557643B}"
EndProject
Project("{FAE04EC0-301F-11D3-BF4B-00C04F79EFBC}") = "Assembly-CSharp-Editor", "Assembly-CSharp-Editor.csproj", "{FA859044-8223-3A29-9639-83FA40F9DA7C}"
EndProject
Global
	GlobalSection(SolutionConfigurationPlatforms) = preSolution
		Debug|Any CPU = Debug|Any CPU
		Release|Any CPU = Release|Any CPU
	EndGlobalSection
	GlobalSection(ProjectConfigurationPlatforms) = postSolution
		{860938E5-8542-2D06-4F39-95FBE557643B}.Debug|Any CPU.ActiveCfg = Debug|Any CPU
		{860938E5-8542-2D06-4F39-95FBE557643B}.Debug|Any CPU.Build.0 = Debug|Any CPU
		{860938E5-8542-2D06-4F39-95FBE557643B}.Release|Any CPU.ActiveCfg = Release|Any CPU
		{860938E5-8542-2D06-4F39-95FBE557643B}.Release|Any CPU.Build.0 = Release|Any CPU
		{FA859044-8223-3A29-9639-83FA40F9DA7C}.Debug|Any CPU.ActiveCfg = Debug|Any CPU
		{FA859044-8223-3A29-9639-83FA40F9DA7C}.Debug|Any CPU.Build.0 = Debug|Any CPU
		{FA859044-8223-3A29-9639-83FA40F9DA7C}.Release|Any CPU.ActiveCfg = Release|Any CPU
		{FA859044-8223-3A29-9639-83FA40F9DA7C}.Release|Any CPU.Build.0 = Release|Any CPU
	EndGlobalSection
	GlobalSection(SolutionProperties) = preSolution
		HideSolutionNode = FALSE
	EndGlobalSection
EndGlobal
